
Microsoft Visual Studio Solution File, Format Version 12.00
Project("{FAE04EC0-301F-11D3-BF4B-00C04F79EFBC}") = "TestCoverageCompare", "TestCoverageCompare\TestCoverageCompare.csproj", "{CC4BD6DB-7F60-4638-988E-B892D798915D}"
EndProject
Global
	GlobalSection(SolutionConfigurationPlatforms) = preSolution
		Debug|Any CPU = Debug|Any CPU
		Release|Any CPU = Release|Any CPU
	EndGlobalSection
	GlobalSection(ProjectConfigurationPlatforms) = postSolution
		{CC4BD6DB-7F60-4638-988E-B892D798915D}.Debug|Any CPU.ActiveCfg = Debug|Any CPU
		{CC4BD6DB-7F60-4638-988E-B892D798915D}.Debug|Any CPU.Build.0 = Debug|Any CPU
		{CC4BD6DB-7F60-4638-988E-B892D798915D}.Release|Any CPU.ActiveCfg = Release|Any CPU
		{CC4BD6DB-7F60-4638-988E-B892D798915D}.Release|Any CPU.Build.0 = Release|Any CPU
	EndGlobalSection
EndGlobal
